// !$*UTF8*$!
{
	archiveVersion = 1;
	classes = {
	};
	objectVersion = 55;
	objects = {

/* Begin PBXBuildFile section */
		3B15C64128A77E7F00A21194 /* SignCarousel.swift in Sources */ = {isa = PBXBuildFile; fileRef = 3B15C64028A77E7F00A21194 /* SignCarousel.swift */; };
		3B1CB3A028A793AD00947A9B /* SignRowView.swift in Sources */ = {isa = PBXBuildFile; fileRef = 3B1CB39F28A793AD00947A9B /* SignRowView.swift */; };
		3B1CB3A228A7955E00947A9B /* SignRowModel.swift in Sources */ = {isa = PBXBuildFile; fileRef = 3B1CB3A128A7955E00947A9B /* SignRowModel.swift */; };
		3B45A1CD289E6E3E00EE4E98 /* Road_signs_for_kidsApp.swift in Sources */ = {isa = PBXBuildFile; fileRef = 3B45A1CC289E6E3E00EE4E98 /* Road_signs_for_kidsApp.swift */; };
		3B45A1CF289E6E3E00EE4E98 /* ContentView.swift in Sources */ = {isa = PBXBuildFile; fileRef = 3B45A1CE289E6E3E00EE4E98 /* ContentView.swift */; };
		3B45A1D1289E6E3F00EE4E98 /* Assets.xcassets in Resources */ = {isa = PBXBuildFile; fileRef = 3B45A1D0289E6E3F00EE4E98 /* Assets.xcassets */; };
		3B45A1D4289E6E3F00EE4E98 /* Preview Assets.xcassets in Resources */ = {isa = PBXBuildFile; fileRef = 3B45A1D3289E6E3F00EE4E98 /* Preview Assets.xcassets */; };
		3B45A1DD289E6F0D00EE4E98 /* PageView.swift in Sources */ = {isa = PBXBuildFile; fileRef = 3B45A1DC289E6F0D00EE4E98 /* PageView.swift */; };
		3B45A1E0289E73F700EE4E98 /* SignModel.swift in Sources */ = {isa = PBXBuildFile; fileRef = 3B45A1DF289E73F700EE4E98 /* SignModel.swift */; };
		3B50550428A59A310080A2AD /* 1.1.m4a in Resources */ = {isa = PBXBuildFile; fileRef = 3B5054FB28A59A2F0080A2AD /* 1.1.m4a */; };
		3B50550528A59A310080A2AD /* 1.3.1.m4a in Resources */ = {isa = PBXBuildFile; fileRef = 3B5054FC28A59A2F0080A2AD /* 1.3.1.m4a */; };
		3B50550628A59A310080A2AD /* 1.3.2.m4a in Resources */ = {isa = PBXBuildFile; fileRef = 3B5054FD28A59A300080A2AD /* 1.3.2.m4a */; };
		3B50550728A59A310080A2AD /* 1.6.m4a in Resources */ = {isa = PBXBuildFile; fileRef = 3B5054FE28A59A300080A2AD /* 1.6.m4a */; };
		3B50550828A59A310080A2AD /* 1.5.m4a in Resources */ = {isa = PBXBuildFile; fileRef = 3B5054FF28A59A300080A2AD /* 1.5.m4a */; };
		3B50550928A59A310080A2AD /* 1.2.m4a in Resources */ = {isa = PBXBuildFile; fileRef = 3B50550028A59A300080A2AD /* 1.2.m4a */; };
		3B50550A28A59A310080A2AD /* 1.9.m4a in Resources */ = {isa = PBXBuildFile; fileRef = 3B50550128A59A300080A2AD /* 1.9.m4a */; };
		3B50550B28A59A310080A2AD /* 1.7.m4a in Resources */ = {isa = PBXBuildFile; fileRef = 3B50550228A59A310080A2AD /* 1.7.m4a */; };
		3B50550C28A59A310080A2AD /* 1.8.m4a in Resources */ = {isa = PBXBuildFile; fileRef = 3B50550328A59A310080A2AD /* 1.8.m4a */; };
		3B856153289F0CCA00644582 /* SpeechService.swift in Sources */ = {isa = PBXBuildFile; fileRef = 3B856152289F0CCA00644582 /* SpeechService.swift */; };
		3BA08CE128A8441000E83D21 /* SignCategoryList.swift in Sources */ = {isa = PBXBuildFile; fileRef = 3BA08CE028A8441000E83D21 /* SignCategoryList.swift */; };
		3BA08CE328A84A1C00E83D21 /* AudioPlayerService.swift in Sources */ = {isa = PBXBuildFile; fileRef = 3BA08CE228A84A1C00E83D21 /* AudioPlayerService.swift */; };
		3BA08CE628A8500600E83D21 /* 1.WarningSigns.m4a in Resources */ = {isa = PBXBuildFile; fileRef = 3BA08CE528A8500600E83D21 /* 1.WarningSigns.m4a */; };
		3BA08CF028A8508D00E83D21 /* 2.SignsOfPriority.m4a in Resources */ = {isa = PBXBuildFile; fileRef = 3BA08CEF28A8508D00E83D21 /* 2.SignsOfPriority.m4a */; };
		3BA08CF728A8509F00E83D21 /* 6.InformationSigns.m4a in Resources */ = {isa = PBXBuildFile; fileRef = 3BA08CF128A8509F00E83D21 /* 6.InformationSigns.m4a */; };
		3BA08CF828A8509F00E83D21 /* 4.MandatorySigns.m4a in Resources */ = {isa = PBXBuildFile; fileRef = 3BA08CF228A8509F00E83D21 /* 4.MandatorySigns.m4a */; };
		3BA08CF928A8509F00E83D21 /* 8.SignsOfAdditionalInformation.m4a in Resources */ = {isa = PBXBuildFile; fileRef = 3BA08CF328A8509F00E83D21 /* 8.SignsOfAdditionalInformation.m4a */; };
		3BA08CFA28A8509F00E83D21 /* 7.ServiceSigns.m4a in Resources */ = {isa = PBXBuildFile; fileRef = 3BA08CF428A8509F00E83D21 /* 7.ServiceSigns.m4a */; };
		3BA08CFB28A8509F00E83D21 /* 3.ProhibitionSigns.m4a in Resources */ = {isa = PBXBuildFile; fileRef = 3BA08CF528A8509F00E83D21 /* 3.ProhibitionSigns.m4a */; };
		3BA08CFC28A8509F00E83D21 /* 5.SignsOfSpecialRegulations.m4a in Resources */ = {isa = PBXBuildFile; fileRef = 3BA08CF628A8509F00E83D21 /* 5.SignsOfSpecialRegulations.m4a */; };
		3BA08D0028A8585400E83D21 /* 2.2.m4a in Resources */ = {isa = PBXBuildFile; fileRef = 3BA08CFD28A8585400E83D21 /* 2.2.m4a */; };
		3BA08D0128A8585400E83D21 /* 2.1.m4a in Resources */ = {isa = PBXBuildFile; fileRef = 3BA08CFE28A8585400E83D21 /* 2.1.m4a */; };
		3BA08D0228A8585400E83D21 /* 2.3.1.m4a in Resources */ = {isa = PBXBuildFile; fileRef = 3BA08CFF28A8585400E83D21 /* 2.3.1.m4a */; };
		3BB2AF3528A8D1E1003565CF /* 3.5.m4a in Resources */ = {isa = PBXBuildFile; fileRef = 3BB2AF2B28A8D1E1003565CF /* 3.5.m4a */; };
		3BB2AF3628A8D1E1003565CF /* 3.10.m4a in Resources */ = {isa = PBXBuildFile; fileRef = 3BB2AF2C28A8D1E1003565CF /* 3.10.m4a */; };
		3BB2AF3728A8D1E1003565CF /* 3.9.m4a in Resources */ = {isa = PBXBuildFile; fileRef = 3BB2AF2D28A8D1E1003565CF /* 3.9.m4a */; };
		3BB2AF3828A8D1E1003565CF /* 3.2.m4a in Resources */ = {isa = PBXBuildFile; fileRef = 3BB2AF2E28A8D1E1003565CF /* 3.2.m4a */; };
		3BB2AF3928A8D1E1003565CF /* 3.3.m4a in Resources */ = {isa = PBXBuildFile; fileRef = 3BB2AF2F28A8D1E1003565CF /* 3.3.m4a */; };
		3BB2AF3A28A8D1E1003565CF /* 3.1.m4a in Resources */ = {isa = PBXBuildFile; fileRef = 3BB2AF3028A8D1E1003565CF /* 3.1.m4a */; };
		3BB2AF3B28A8D1E1003565CF /* 3.8.m4a in Resources */ = {isa = PBXBuildFile; fileRef = 3BB2AF3128A8D1E1003565CF /* 3.8.m4a */; };
		3BB2AF3C28A8D1E1003565CF /* 3.6.m4a in Resources */ = {isa = PBXBuildFile; fileRef = 3BB2AF3228A8D1E1003565CF /* 3.6.m4a */; };
		3BB2AF3D28A8D1E1003565CF /* 3.4.m4a in Resources */ = {isa = PBXBuildFile; fileRef = 3BB2AF3328A8D1E1003565CF /* 3.4.m4a */; };
		3BB2AF3E28A8D1E1003565CF /* 3.7.m4a in Resources */ = {isa = PBXBuildFile; fileRef = 3BB2AF3428A8D1E1003565CF /* 3.7.m4a */; };
		3BBA143E289EB1C000BBA1CD /* SignCard.swift in Sources */ = {isa = PBXBuildFile; fileRef = 3BBA143D289EB1C000BBA1CD /* SignCard.swift */; };
		3BE92BBF28A823D6006B375B /* Color + Extension.swift in Sources */ = {isa = PBXBuildFile; fileRef = 3BE92BBE28A823D6006B375B /* Color + Extension.swift */; };
/* End PBXBuildFile section */

/* Begin PBXFileReference section */
		3B15C64028A77E7F00A21194 /* SignCarousel.swift */ = {isa = PBXFileReference; lastKnownFileType = sourcecode.swift; path = SignCarousel.swift; sourceTree = "<group>"; };
		3B1CB39F28A793AD00947A9B /* SignRowView.swift */ = {isa = PBXFileReference; lastKnownFileType = sourcecode.swift; path = SignRowView.swift; sourceTree = "<group>"; };
		3B1CB3A128A7955E00947A9B /* SignRowModel.swift */ = {isa = PBXFileReference; lastKnownFileType = sourcecode.swift; path = SignRowModel.swift; sourceTree = "<group>"; };
		3B45A1C9289E6E3E00EE4E98 /* Road signs for kids.app */ = {isa = PBXFileReference; explicitFileType = wrapper.application; includeInIndex = 0; path = "Road signs for kids.app"; sourceTree = BUILT_PRODUCTS_DIR; };
		3B45A1CC289E6E3E00EE4E98 /* Road_signs_for_kidsApp.swift */ = {isa = PBXFileReference; lastKnownFileType = sourcecode.swift; path = Road_signs_for_kidsApp.swift; sourceTree = "<group>"; };
		3B45A1CE289E6E3E00EE4E98 /* ContentView.swift */ = {isa = PBXFileReference; lastKnownFileType = sourcecode.swift; path = ContentView.swift; sourceTree = "<group>"; };
		3B45A1D0289E6E3F00EE4E98 /* Assets.xcassets */ = {isa = PBXFileReference; lastKnownFileType = folder.assetcatalog; path = Assets.xcassets; sourceTree = "<group>"; };
		3B45A1D3289E6E3F00EE4E98 /* Preview Assets.xcassets */ = {isa = PBXFileReference; lastKnownFileType = folder.assetcatalog; path = "Preview Assets.xcassets"; sourceTree = "<group>"; };
		3B45A1DC289E6F0D00EE4E98 /* PageView.swift */ = {isa = PBXFileReference; lastKnownFileType = sourcecode.swift; path = PageView.swift; sourceTree = "<group>"; };
		3B45A1DF289E73F700EE4E98 /* SignModel.swift */ = {isa = PBXFileReference; lastKnownFileType = sourcecode.swift; path = SignModel.swift; sourceTree = "<group>"; };
		3B5054FB28A59A2F0080A2AD /* 1.1.m4a */ = {isa = PBXFileReference; lastKnownFileType = file; path = 1.1.m4a; sourceTree = "<group>"; };
		3B5054FC28A59A2F0080A2AD /* 1.3.1.m4a */ = {isa = PBXFileReference; lastKnownFileType = file; path = 1.3.1.m4a; sourceTree = "<group>"; };
		3B5054FD28A59A300080A2AD /* 1.3.2.m4a */ = {isa = PBXFileReference; lastKnownFileType = file; path = 1.3.2.m4a; sourceTree = "<group>"; };
		3B5054FE28A59A300080A2AD /* 1.6.m4a */ = {isa = PBXFileReference; lastKnownFileType = file; path = 1.6.m4a; sourceTree = "<group>"; };
		3B5054FF28A59A300080A2AD /* 1.5.m4a */ = {isa = PBXFileReference; lastKnownFileType = file; path = 1.5.m4a; sourceTree = "<group>"; };
		3B50550028A59A300080A2AD /* 1.2.m4a */ = {isa = PBXFileReference; lastKnownFileType = file; path = 1.2.m4a; sourceTree = "<group>"; };
		3B50550128A59A300080A2AD /* 1.9.m4a */ = {isa = PBXFileReference; lastKnownFileType = file; path = 1.9.m4a; sourceTree = "<group>"; };
		3B50550228A59A310080A2AD /* 1.7.m4a */ = {isa = PBXFileReference; lastKnownFileType = file; path = 1.7.m4a; sourceTree = "<group>"; };
		3B50550328A59A310080A2AD /* 1.8.m4a */ = {isa = PBXFileReference; lastKnownFileType = file; path = 1.8.m4a; sourceTree = "<group>"; };
		3B856152289F0CCA00644582 /* SpeechService.swift */ = {isa = PBXFileReference; lastKnownFileType = sourcecode.swift; path = SpeechService.swift; sourceTree = "<group>"; };
		3BA08CE028A8441000E83D21 /* SignCategoryList.swift */ = {isa = PBXFileReference; lastKnownFileType = sourcecode.swift; path = SignCategoryList.swift; sourceTree = "<group>"; };
		3BA08CE228A84A1C00E83D21 /* AudioPlayerService.swift */ = {isa = PBXFileReference; lastKnownFileType = sourcecode.swift; path = AudioPlayerService.swift; sourceTree = "<group>"; };
		3BA08CE528A8500600E83D21 /* 1.WarningSigns.m4a */ = {isa = PBXFileReference; lastKnownFileType = file; path = 1.WarningSigns.m4a; sourceTree = "<group>"; };
		3BA08CEF28A8508D00E83D21 /* 2.SignsOfPriority.m4a */ = {isa = PBXFileReference; lastKnownFileType = file; path = 2.SignsOfPriority.m4a; sourceTree = "<group>"; };
		3BA08CF128A8509F00E83D21 /* 6.InformationSigns.m4a */ = {isa = PBXFileReference; lastKnownFileType = file; path = 6.InformationSigns.m4a; sourceTree = "<group>"; };
		3BA08CF228A8509F00E83D21 /* 4.MandatorySigns.m4a */ = {isa = PBXFileReference; lastKnownFileType = file; path = 4.MandatorySigns.m4a; sourceTree = "<group>"; };
		3BA08CF328A8509F00E83D21 /* 8.SignsOfAdditionalInformation.m4a */ = {isa = PBXFileReference; lastKnownFileType = file; path = 8.SignsOfAdditionalInformation.m4a; sourceTree = "<group>"; };
		3BA08CF428A8509F00E83D21 /* 7.ServiceSigns.m4a */ = {isa = PBXFileReference; lastKnownFileType = file; path = 7.ServiceSigns.m4a; sourceTree = "<group>"; };
		3BA08CF528A8509F00E83D21 /* 3.ProhibitionSigns.m4a */ = {isa = PBXFileReference; lastKnownFileType = file; path = 3.ProhibitionSigns.m4a; sourceTree = "<group>"; };
		3BA08CF628A8509F00E83D21 /* 5.SignsOfSpecialRegulations.m4a */ = {isa = PBXFileReference; lastKnownFileType = file; path = 5.SignsOfSpecialRegulations.m4a; sourceTree = "<group>"; };
		3BA08CFD28A8585400E83D21 /* 2.2.m4a */ = {isa = PBXFileReference; lastKnownFileType = file; path = 2.2.m4a; sourceTree = "<group>"; };
		3BA08CFE28A8585400E83D21 /* 2.1.m4a */ = {isa = PBXFileReference; lastKnownFileType = file; path = 2.1.m4a; sourceTree = "<group>"; };
		3BA08CFF28A8585400E83D21 /* 2.3.1.m4a */ = {isa = PBXFileReference; lastKnownFileType = file; path = 2.3.1.m4a; sourceTree = "<group>"; };
		3BB2AF2B28A8D1E1003565CF /* 3.5.m4a */ = {isa = PBXFileReference; lastKnownFileType = file; path = 3.5.m4a; sourceTree = "<group>"; };
		3BB2AF2C28A8D1E1003565CF /* 3.10.m4a */ = {isa = PBXFileReference; lastKnownFileType = file; path = 3.10.m4a; sourceTree = "<group>"; };
		3BB2AF2D28A8D1E1003565CF /* 3.9.m4a */ = {isa = PBXFileReference; lastKnownFileType = file; path = 3.9.m4a; sourceTree = "<group>"; };
		3BB2AF2E28A8D1E1003565CF /* 3.2.m4a */ = {isa = PBXFileReference; lastKnownFileType = file; path = 3.2.m4a; sourceTree = "<group>"; };
		3BB2AF2F28A8D1E1003565CF /* 3.3.m4a */ = {isa = PBXFileReference; lastKnownFileType = file; path = 3.3.m4a; sourceTree = "<group>"; };
		3BB2AF3028A8D1E1003565CF /* 3.1.m4a */ = {isa = PBXFileReference; lastKnownFileType = file; path = 3.1.m4a; sourceTree = "<group>"; };
		3BB2AF3128A8D1E1003565CF /* 3.8.m4a */ = {isa = PBXFileReference; lastKnownFileType = file; path = 3.8.m4a; sourceTree = "<group>"; };
		3BB2AF3228A8D1E1003565CF /* 3.6.m4a */ = {isa = PBXFileReference; lastKnownFileType = file; path = 3.6.m4a; sourceTree = "<group>"; };
		3BB2AF3328A8D1E1003565CF /* 3.4.m4a */ = {isa = PBXFileReference; lastKnownFileType = file; path = 3.4.m4a; sourceTree = "<group>"; };
		3BB2AF3428A8D1E1003565CF /* 3.7.m4a */ = {isa = PBXFileReference; lastKnownFileType = file; path = 3.7.m4a; sourceTree = "<group>"; };
		3BBA143D289EB1C000BBA1CD /* SignCard.swift */ = {isa = PBXFileReference; lastKnownFileType = sourcecode.swift; path = SignCard.swift; sourceTree = "<group>"; };
		3BE92BBE28A823D6006B375B /* Color + Extension.swift */ = {isa = PBXFileReference; lastKnownFileType = sourcecode.swift; path = "Color + Extension.swift"; sourceTree = "<group>"; };
/* End PBXFileReference section */

/* Begin PBXFrameworksBuildPhase section */
		3B45A1C6289E6E3E00EE4E98 /* Frameworks */ = {
			isa = PBXFrameworksBuildPhase;
			buildActionMask = 2147483647;
			files = (
			);
			runOnlyForDeploymentPostprocessing = 0;
		};
/* End PBXFrameworksBuildPhase section */

/* Begin PBXGroup section */
		3B45A1C0289E6E3E00EE4E98 = {
			isa = PBXGroup;
			children = (
				3B45A1CB289E6E3E00EE4E98 /* Road signs for kids */,
				3B45A1CA289E6E3E00EE4E98 /* Products */,
			);
			sourceTree = "<group>";
		};
		3B45A1CA289E6E3E00EE4E98 /* Products */ = {
			isa = PBXGroup;
			children = (
				3B45A1C9289E6E3E00EE4E98 /* Road signs for kids.app */,
			);
			name = Products;
			sourceTree = "<group>";
		};
		3B45A1CB289E6E3E00EE4E98 /* Road signs for kids */ = {
			isa = PBXGroup;
			children = (
				3B45A1CC289E6E3E00EE4E98 /* Road_signs_for_kidsApp.swift */,
				3BB2AF4228A8F5BE003565CF /* Services */,
				3BB2AF4028A8F57C003565CF /* Extentions */,
				3BB2AF3F28A8F564003565CF /* Views */,
				3B45A1DE289E73E000EE4E98 /* Models */,
				3BB2AF4128A8F59B003565CF /* Supporting Files */,
				3B45A1D2289E6E3F00EE4E98 /* Preview Content */,
			);
			path = "Road signs for kids";
			sourceTree = "<group>";
		};
		3B45A1D2289E6E3F00EE4E98 /* Preview Content */ = {
			isa = PBXGroup;
			children = (
				3B45A1D3289E6E3F00EE4E98 /* Preview Assets.xcassets */,
			);
			path = "Preview Content";
			sourceTree = "<group>";
		};
		3B45A1DE289E73E000EE4E98 /* Models */ = {
			isa = PBXGroup;
			children = (
				3B45A1DF289E73F700EE4E98 /* SignModel.swift */,
				3B1CB3A128A7955E00947A9B /* SignRowModel.swift */,
			);
			path = Models;
			sourceTree = "<group>";
		};
		3B5054C428A5922C0080A2AD /* Sounds */ = {
			isa = PBXGroup;
			children = (
				3BA08CEE28A8506D00E83D21 /* 8 */,
				3BA08CED28A8506700E83D21 /* 7 */,
				3BA08CEC28A8505000E83D21 /* 6 */,
				3BA08CEB28A8504300E83D21 /* 5 */,
				3BA08CEA28A8503C00E83D21 /* 4 */,
				3BA08CE928A8503600E83D21 /* 3 */,
				3BA08CE828A8502F00E83D21 /* 2 */,
				3BA08CE428A84FD900E83D21 /* 1 */,
			);
			path = Sounds;
			sourceTree = "<group>";
		};
		3BA08CE428A84FD900E83D21 /* 1 */ = {
			isa = PBXGroup;
			children = (
				3BA08CE528A8500600E83D21 /* 1.WarningSigns.m4a */,
				3B5054FB28A59A2F0080A2AD /* 1.1.m4a */,
				3B50550028A59A300080A2AD /* 1.2.m4a */,
				3B5054FC28A59A2F0080A2AD /* 1.3.1.m4a */,
				3B5054FD28A59A300080A2AD /* 1.3.2.m4a */,
				3B5054FF28A59A300080A2AD /* 1.5.m4a */,
				3B5054FE28A59A300080A2AD /* 1.6.m4a */,
				3B50550228A59A310080A2AD /* 1.7.m4a */,
				3B50550328A59A310080A2AD /* 1.8.m4a */,
				3B50550128A59A300080A2AD /* 1.9.m4a */,
			);
			path = 1;
			sourceTree = "<group>";
		};
		3BA08CE828A8502F00E83D21 /* 2 */ = {
			isa = PBXGroup;
			children = (
				3BA08CEF28A8508D00E83D21 /* 2.SignsOfPriority.m4a */,
				3BA08CFE28A8585400E83D21 /* 2.1.m4a */,
				3BA08CFD28A8585400E83D21 /* 2.2.m4a */,
				3BA08CFF28A8585400E83D21 /* 2.3.1.m4a */,
			);
			path = 2;
			sourceTree = "<group>";
		};
		3BA08CE928A8503600E83D21 /* 3 */ = {
			isa = PBXGroup;
			children = (
				3BA08CF528A8509F00E83D21 /* 3.ProhibitionSigns.m4a */,
				3BB2AF3028A8D1E1003565CF /* 3.1.m4a */,
				3BB2AF2E28A8D1E1003565CF /* 3.2.m4a */,
				3BB2AF2F28A8D1E1003565CF /* 3.3.m4a */,
				3BB2AF3328A8D1E1003565CF /* 3.4.m4a */,
				3BB2AF2B28A8D1E1003565CF /* 3.5.m4a */,
				3BB2AF3228A8D1E1003565CF /* 3.6.m4a */,
				3BB2AF3428A8D1E1003565CF /* 3.7.m4a */,
				3BB2AF3128A8D1E1003565CF /* 3.8.m4a */,
				3BB2AF2D28A8D1E1003565CF /* 3.9.m4a */,
				3BB2AF2C28A8D1E1003565CF /* 3.10.m4a */,
			);
			path = 3;
			sourceTree = "<group>";
		};
		3BA08CEA28A8503C00E83D21 /* 4 */ = {
			isa = PBXGroup;
			children = (
				3BA08CF228A8509F00E83D21 /* 4.MandatorySigns.m4a */,
			);
			path = 4;
			sourceTree = "<group>";
		};
		3BA08CEB28A8504300E83D21 /* 5 */ = {
			isa = PBXGroup;
			children = (
				3BA08CF628A8509F00E83D21 /* 5.SignsOfSpecialRegulations.m4a */,
			);
			path = 5;
			sourceTree = "<group>";
		};
		3BA08CEC28A8505000E83D21 /* 6 */ = {
			isa = PBXGroup;
			children = (
				3BA08CF128A8509F00E83D21 /* 6.InformationSigns.m4a */,
			);
			path = 6;
			sourceTree = "<group>";
		};
		3BA08CED28A8506700E83D21 /* 7 */ = {
			isa = PBXGroup;
			children = (
				3BA08CF428A8509F00E83D21 /* 7.ServiceSigns.m4a */,
			);
			path = 7;
			sourceTree = "<group>";
		};
		3BA08CEE28A8506D00E83D21 /* 8 */ = {
			isa = PBXGroup;
			children = (
				3BA08CF328A8509F00E83D21 /* 8.SignsOfAdditionalInformation.m4a */,
			);
			path = 8;
			sourceTree = "<group>";
		};
		3BB2AF3F28A8F564003565CF /* Views */ = {
			isa = PBXGroup;
			children = (
				3B45A1CE289E6E3E00EE4E98 /* ContentView.swift */,
				3BA08CE028A8441000E83D21 /* SignCategoryList.swift */,
				3B1CB39F28A793AD00947A9B /* SignRowView.swift */,
				3B15C64028A77E7F00A21194 /* SignCarousel.swift */,
				3BBA143D289EB1C000BBA1CD /* SignCard.swift */,
				3B45A1DC289E6F0D00EE4E98 /* PageView.swift */,
			);
			path = Views;
			sourceTree = "<group>";
		};
		3BB2AF4028A8F57C003565CF /* Extentions */ = {
			isa = PBXGroup;
			children = (
				3BE92BBE28A823D6006B375B /* Color + Extension.swift */,
			);
			path = Extentions;
			sourceTree = "<group>";
		};
		3BB2AF4128A8F59B003565CF /* Supporting Files */ = {
			isa = PBXGroup;
			children = (
				3B45A1D0289E6E3F00EE4E98 /* Assets.xcassets */,
				3B5054C428A5922C0080A2AD /* Sounds */,
			);
			path = "Supporting Files";
			sourceTree = "<group>";
		};
		3BB2AF4228A8F5BE003565CF /* Services */ = {
			isa = PBXGroup;
			children = (
				3BA08CE228A84A1C00E83D21 /* AudioPlayerService.swift */,
				3B856152289F0CCA00644582 /* SpeechService.swift */,
			);
			path = Services;
			sourceTree = "<group>";
		};
/* End PBXGroup section */

/* Begin PBXNativeTarget section */
		3B45A1C8289E6E3E00EE4E98 /* Road signs for kids */ = {
			isa = PBXNativeTarget;
			buildConfigurationList = 3B45A1D7289E6E3F00EE4E98 /* Build configuration list for PBXNativeTarget "Road signs for kids" */;
			buildPhases = (
				3B45A1C5289E6E3E00EE4E98 /* Sources */,
				3B45A1C6289E6E3E00EE4E98 /* Frameworks */,
				3B45A1C7289E6E3E00EE4E98 /* Resources */,
			);
			buildRules = (
			);
			dependencies = (
			);
			name = "Road signs for kids";
			productName = "Road signs for kids";
			productReference = 3B45A1C9289E6E3E00EE4E98 /* Road signs for kids.app */;
			productType = "com.apple.product-type.application";
		};
/* End PBXNativeTarget section */

/* Begin PBXProject section */
		3B45A1C1289E6E3E00EE4E98 /* Project object */ = {
			isa = PBXProject;
			attributes = {
				BuildIndependentTargetsInParallel = 1;
				LastSwiftUpdateCheck = 1340;
				LastUpgradeCheck = 1340;
				TargetAttributes = {
					3B45A1C8289E6E3E00EE4E98 = {
						CreatedOnToolsVersion = 13.4.1;
					};
				};
			};
			buildConfigurationList = 3B45A1C4289E6E3E00EE4E98 /* Build configuration list for PBXProject "Road signs for kids" */;
			compatibilityVersion = "Xcode 13.0";
			developmentRegion = en;
			hasScannedForEncodings = 0;
			knownRegions = (
				en,
				Base,
			);
			mainGroup = 3B45A1C0289E6E3E00EE4E98;
			productRefGroup = 3B45A1CA289E6E3E00EE4E98 /* Products */;
			projectDirPath = "";
			projectRoot = "";
			targets = (
				3B45A1C8289E6E3E00EE4E98 /* Road signs for kids */,
			);
		};
/* End PBXProject section */

/* Begin PBXResourcesBuildPhase section */
		3B45A1C7289E6E3E00EE4E98 /* Resources */ = {
			isa = PBXResourcesBuildPhase;
			buildActionMask = 2147483647;
			files = (
				3BB2AF3C28A8D1E1003565CF /* 3.6.m4a in Resources */,
				3BA08CF928A8509F00E83D21 /* 8.SignsOfAdditionalInformation.m4a in Resources */,
				3BB2AF3A28A8D1E1003565CF /* 3.1.m4a in Resources */,
				3BA08CFA28A8509F00E83D21 /* 7.ServiceSigns.m4a in Resources */,
				3BB2AF3728A8D1E1003565CF /* 3.9.m4a in Resources */,
				3BB2AF3628A8D1E1003565CF /* 3.10.m4a in Resources */,
				3B50550A28A59A310080A2AD /* 1.9.m4a in Resources */,
				3B50550928A59A310080A2AD /* 1.2.m4a in Resources */,
				3BB2AF3928A8D1E1003565CF /* 3.3.m4a in Resources */,
				3B50550728A59A310080A2AD /* 1.6.m4a in Resources */,
				3BA08CE628A8500600E83D21 /* 1.WarningSigns.m4a in Resources */,
				3B50550628A59A310080A2AD /* 1.3.2.m4a in Resources */,
				3B50550428A59A310080A2AD /* 1.1.m4a in Resources */,
				3BB2AF3828A8D1E1003565CF /* 3.2.m4a in Resources */,
				3BA08CF828A8509F00E83D21 /* 4.MandatorySigns.m4a in Resources */,
				3BB2AF3E28A8D1E1003565CF /* 3.7.m4a in Resources */,
				3BA08CFC28A8509F00E83D21 /* 5.SignsOfSpecialRegulations.m4a in Resources */,
				3B45A1D4289E6E3F00EE4E98 /* Preview Assets.xcassets in Resources */,
				3BA08CFB28A8509F00E83D21 /* 3.ProhibitionSigns.m4a in Resources */,
				3BA08D0128A8585400E83D21 /* 2.1.m4a in Resources */,
				3BB2AF3B28A8D1E1003565CF /* 3.8.m4a in Resources */,
				3B50550528A59A310080A2AD /* 1.3.1.m4a in Resources */,
				3BA08D0028A8585400E83D21 /* 2.2.m4a in Resources */,
				3B50550C28A59A310080A2AD /* 1.8.m4a in Resources */,
				3B50550B28A59A310080A2AD /* 1.7.m4a in Resources */,
				3BA08D0228A8585400E83D21 /* 2.3.1.m4a in Resources */,
				3BA08CF728A8509F00E83D21 /* 6.InformationSigns.m4a in Resources */,
				3BB2AF3528A8D1E1003565CF /* 3.5.m4a in Resources */,
				3B50550828A59A310080A2AD /* 1.5.m4a in Resources */,
				3B45A1D1289E6E3F00EE4E98 /* Assets.xcassets in Resources */,
				3BB2AF3D28A8D1E1003565CF /* 3.4.m4a in Resources */,
				3BA08CF028A8508D00E83D21 /* 2.SignsOfPriority.m4a in Resources */,
			);
			runOnlyForDeploymentPostprocessing = 0;
		};
/* End PBXResourcesBuildPhase section */

/* Begin PBXSourcesBuildPhase section */
		3B45A1C5289E6E3E00EE4E98 /* Sources */ = {
			isa = PBXSourcesBuildPhase;
			buildActionMask = 2147483647;
			files = (
				3BA08CE328A84A1C00E83D21 /* AudioPlayerService.swift in Sources */,
				3B1CB3A028A793AD00947A9B /* SignRowView.swift in Sources */,
				3BA08CE128A8441000E83D21 /* SignCategoryList.swift in Sources */,
				3B15C64128A77E7F00A21194 /* SignCarousel.swift in Sources */,
				3B45A1CF289E6E3E00EE4E98 /* ContentView.swift in Sources */,
				3B45A1E0289E73F700EE4E98 /* SignModel.swift in Sources */,
				3BBA143E289EB1C000BBA1CD /* SignCard.swift in Sources */,
				3B45A1CD289E6E3E00EE4E98 /* Road_signs_for_kidsApp.swift in Sources */,
				3B45A1DD289E6F0D00EE4E98 /* PageView.swift in Sources */,
				3B856153289F0CCA00644582 /* SpeechService.swift in Sources */,
				3B1CB3A228A7955E00947A9B /* SignRowModel.swift in Sources */,
				3BE92BBF28A823D6006B375B /* Color + Extension.swift in Sources */,
			);
			runOnlyForDeploymentPostprocessing = 0;
		};
/* End PBXSourcesBuildPhase section */

/* Begin XCBuildConfiguration section */
		3B45A1D5289E6E3F00EE4E98 /* Debug */ = {
			isa = XCBuildConfiguration;
			buildSettings = {
				ALWAYS_SEARCH_USER_PATHS = NO;
				CLANG_ANALYZER_NONNULL = YES;
				CLANG_ANALYZER_NUMBER_OBJECT_CONVERSION = YES_AGGRESSIVE;
				CLANG_CXX_LANGUAGE_STANDARD = "gnu++17";
				CLANG_ENABLE_MODULES = YES;
				CLANG_ENABLE_OBJC_ARC = YES;
				CLANG_ENABLE_OBJC_WEAK = YES;
				CLANG_WARN_BLOCK_CAPTURE_AUTORELEASING = YES;
				CLANG_WARN_BOOL_CONVERSION = YES;
				CLANG_WARN_COMMA = YES;
				CLANG_WARN_CONSTANT_CONVERSION = YES;
				CLANG_WARN_DEPRECATED_OBJC_IMPLEMENTATIONS = YES;
				CLANG_WARN_DIRECT_OBJC_ISA_USAGE = YES_ERROR;
				CLANG_WARN_DOCUMENTATION_COMMENTS = YES;
				CLANG_WARN_EMPTY_BODY = YES;
				CLANG_WARN_ENUM_CONVERSION = YES;
				CLANG_WARN_INFINITE_RECURSION = YES;
				CLANG_WARN_INT_CONVERSION = YES;
				CLANG_WARN_NON_LITERAL_NULL_CONVERSION = YES;
				CLANG_WARN_OBJC_IMPLICIT_RETAIN_SELF = YES;
				CLANG_WARN_OBJC_LITERAL_CONVERSION = YES;
				CLANG_WARN_OBJC_ROOT_CLASS = YES_ERROR;
				CLANG_WARN_QUOTED_INCLUDE_IN_FRAMEWORK_HEADER = YES;
				CLANG_WARN_RANGE_LOOP_ANALYSIS = YES;
				CLANG_WARN_STRICT_PROTOTYPES = YES;
				CLANG_WARN_SUSPICIOUS_MOVE = YES;
				CLANG_WARN_UNGUARDED_AVAILABILITY = YES_AGGRESSIVE;
				CLANG_WARN_UNREACHABLE_CODE = YES;
				CLANG_WARN__DUPLICATE_METHOD_MATCH = YES;
				COPY_PHASE_STRIP = NO;
				DEBUG_INFORMATION_FORMAT = dwarf;
				ENABLE_STRICT_OBJC_MSGSEND = YES;
				ENABLE_TESTABILITY = YES;
				GCC_C_LANGUAGE_STANDARD = gnu11;
				GCC_DYNAMIC_NO_PIC = NO;
				GCC_NO_COMMON_BLOCKS = YES;
				GCC_OPTIMIZATION_LEVEL = 0;
				GCC_PREPROCESSOR_DEFINITIONS = (
					"DEBUG=1",
					"$(inherited)",
				);
				GCC_WARN_64_TO_32_BIT_CONVERSION = YES;
				GCC_WARN_ABOUT_RETURN_TYPE = YES_ERROR;
				GCC_WARN_UNDECLARED_SELECTOR = YES;
				GCC_WARN_UNINITIALIZED_AUTOS = YES_AGGRESSIVE;
				GCC_WARN_UNUSED_FUNCTION = YES;
				GCC_WARN_UNUSED_VARIABLE = YES;
				IPHONEOS_DEPLOYMENT_TARGET = 14.0;
				MTL_ENABLE_DEBUG_INFO = INCLUDE_SOURCE;
				MTL_FAST_MATH = YES;
				ONLY_ACTIVE_ARCH = YES;
				SDKROOT = iphoneos;
				SWIFT_ACTIVE_COMPILATION_CONDITIONS = DEBUG;
				SWIFT_OPTIMIZATION_LEVEL = "-Onone";
			};
			name = Debug;
		};
		3B45A1D6289E6E3F00EE4E98 /* Release */ = {
			isa = XCBuildConfiguration;
			buildSettings = {
				ALWAYS_SEARCH_USER_PATHS = NO;
				CLANG_ANALYZER_NONNULL = YES;
				CLANG_ANALYZER_NUMBER_OBJECT_CONVERSION = YES_AGGRESSIVE;
				CLANG_CXX_LANGUAGE_STANDARD = "gnu++17";
				CLANG_ENABLE_MODULES = YES;
				CLANG_ENABLE_OBJC_ARC = YES;
				CLANG_ENABLE_OBJC_WEAK = YES;
				CLANG_WARN_BLOCK_CAPTURE_AUTORELEASING = YES;
				CLANG_WARN_BOOL_CONVERSION = YES;
				CLANG_WARN_COMMA = YES;
				CLANG_WARN_CONSTANT_CONVERSION = YES;
				CLANG_WARN_DEPRECATED_OBJC_IMPLEMENTATIONS = YES;
				CLANG_WARN_DIRECT_OBJC_ISA_USAGE = YES_ERROR;
				CLANG_WARN_DOCUMENTATION_COMMENTS = YES;
				CLANG_WARN_EMPTY_BODY = YES;
				CLANG_WARN_ENUM_CONVERSION = YES;
				CLANG_WARN_INFINITE_RECURSION = YES;
				CLANG_WARN_INT_CONVERSION = YES;
				CLANG_WARN_NON_LITERAL_NULL_CONVERSION = YES;
				CLANG_WARN_OBJC_IMPLICIT_RETAIN_SELF = YES;
				CLANG_WARN_OBJC_LITERAL_CONVERSION = YES;
				CLANG_WARN_OBJC_ROOT_CLASS = YES_ERROR;
				CLANG_WARN_QUOTED_INCLUDE_IN_FRAMEWORK_HEADER = YES;
				CLANG_WARN_RANGE_LOOP_ANALYSIS = YES;
				CLANG_WARN_STRICT_PROTOTYPES = YES;
				CLANG_WARN_SUSPICIOUS_MOVE = YES;
				CLANG_WARN_UNGUARDED_AVAILABILITY = YES_AGGRESSIVE;
				CLANG_WARN_UNREACHABLE_CODE = YES;
				CLANG_WARN__DUPLICATE_METHOD_MATCH = YES;
				COPY_PHASE_STRIP = NO;
				DEBUG_INFORMATION_FORMAT = "dwarf-with-dsym";
				ENABLE_NS_ASSERTIONS = NO;
				ENABLE_STRICT_OBJC_MSGSEND = YES;
				GCC_C_LANGUAGE_STANDARD = gnu11;
				GCC_NO_COMMON_BLOCKS = YES;
				GCC_WARN_64_TO_32_BIT_CONVERSION = YES;
				GCC_WARN_ABOUT_RETURN_TYPE = YES_ERROR;
				GCC_WARN_UNDECLARED_SELECTOR = YES;
				GCC_WARN_UNINITIALIZED_AUTOS = YES_AGGRESSIVE;
				GCC_WARN_UNUSED_FUNCTION = YES;
				GCC_WARN_UNUSED_VARIABLE = YES;
				IPHONEOS_DEPLOYMENT_TARGET = 14.0;
				MTL_ENABLE_DEBUG_INFO = NO;
				MTL_FAST_MATH = YES;
				SDKROOT = iphoneos;
				SWIFT_COMPILATION_MODE = wholemodule;
				SWIFT_OPTIMIZATION_LEVEL = "-O";
				VALIDATE_PRODUCT = YES;
			};
			name = Release;
		};
		3B45A1D8289E6E3F00EE4E98 /* Debug */ = {
			isa = XCBuildConfiguration;
			buildSettings = {
				ASSETCATALOG_COMPILER_APPICON_NAME = AppIcon;
				ASSETCATALOG_COMPILER_GLOBAL_ACCENT_COLOR_NAME = AccentColor;
				CODE_SIGN_STYLE = Automatic;
				CURRENT_PROJECT_VERSION = 1;
				DEVELOPMENT_ASSET_PATHS = "\"Road signs for kids/Preview Content\"";
				DEVELOPMENT_TEAM = RNER64Q73Y;
				ENABLE_PREVIEWS = YES;
				GENERATE_INFOPLIST_FILE = YES;
				INFOPLIST_KEY_UIApplicationSceneManifest_Generation = YES;
				INFOPLIST_KEY_UIApplicationSupportsIndirectInputEvents = YES;
				INFOPLIST_KEY_UILaunchScreen_Generation = YES;
				INFOPLIST_KEY_UISupportedInterfaceOrientations = UIInterfaceOrientationPortrait;
				INFOPLIST_KEY_UISupportedInterfaceOrientations_iPad = "UIInterfaceOrientationPortrait UIInterfaceOrientationPortraitUpsideDown UIInterfaceOrientationLandscapeLeft UIInterfaceOrientationLandscapeRight";
				INFOPLIST_KEY_UISupportedInterfaceOrientations_iPhone = "UIInterfaceOrientationPortrait UIInterfaceOrientationLandscapeLeft UIInterfaceOrientationLandscapeRight";
				IPHONEOS_DEPLOYMENT_TARGET = 14.0;
				LD_RUNPATH_SEARCH_PATHS = (
					"$(inherited)",
					"@executable_path/Frameworks",
				);
				MARKETING_VERSION = 1.0;
				PRODUCT_BUNDLE_IDENTIFIER = "ru.ageres7.Road-signs-for-kids";
				PRODUCT_NAME = "$(TARGET_NAME)";
				SWIFT_EMIT_LOC_STRINGS = YES;
				SWIFT_VERSION = 5.0;
				TARGETED_DEVICE_FAMILY = "1,2";
			};
			name = Debug;
		};
		3B45A1D9289E6E3F00EE4E98 /* Release */ = {
			isa = XCBuildConfiguration;
			buildSettings = {
				ASSETCATALOG_COMPILER_APPICON_NAME = AppIcon;
				ASSETCATALOG_COMPILER_GLOBAL_ACCENT_COLOR_NAME = AccentColor;
				CODE_SIGN_STYLE = Automatic;
				CURRENT_PROJECT_VERSION = 1;
				DEVELOPMENT_ASSET_PATHS = "\"Road signs for kids/Preview Content\"";
				DEVELOPMENT_TEAM = RNER64Q73Y;
				ENABLE_PREVIEWS = YES;
				GENERATE_INFOPLIST_FILE = YES;
				INFOPLIST_KEY_UIApplicationSceneManifest_Generation = YES;
				INFOPLIST_KEY_UIApplicationSupportsIndirectInputEvents = YES;
				INFOPLIST_KEY_UILaunchScreen_Generation = YES;
				INFOPLIST_KEY_UISupportedInterfaceOrientations = UIInterfaceOrientationPortrait;
				INFOPLIST_KEY_UISupportedInterfaceOrientations_iPad = "UIInterfaceOrientationPortrait UIInterfaceOrientationPortraitUpsideDown UIInterfaceOrientationLandscapeLeft UIInterfaceOrientationLandscapeRight";
				INFOPLIST_KEY_UISupportedInterfaceOrientations_iPhone = "UIInterfaceOrientationPortrait UIInterfaceOrientationLandscapeLeft UIInterfaceOrientationLandscapeRight";
				IPHONEOS_DEPLOYMENT_TARGET = 14.0;
				LD_RUNPATH_SEARCH_PATHS = (
					"$(inherited)",
					"@executable_path/Frameworks",
				);
				MARKETING_VERSION = 1.0;
				PRODUCT_BUNDLE_IDENTIFIER = "ru.ageres7.Road-signs-for-kids";
				PRODUCT_NAME = "$(TARGET_NAME)";
				SWIFT_EMIT_LOC_STRINGS = YES;
				SWIFT_VERSION = 5.0;
				TARGETED_DEVICE_FAMILY = "1,2";
			};
			name = Release;
		};
/* End XCBuildConfiguration section */

/* Begin XCConfigurationList section */
		3B45A1C4289E6E3E00EE4E98 /* Build configuration list for PBXProject "Road signs for kids" */ = {
			isa = XCConfigurationList;
			buildConfigurations = (
				3B45A1D5289E6E3F00EE4E98 /* Debug */,
				3B45A1D6289E6E3F00EE4E98 /* Release */,
			);
			defaultConfigurationIsVisible = 0;
			defaultConfigurationName = Release;
		};
		3B45A1D7289E6E3F00EE4E98 /* Build configuration list for PBXNativeTarget "Road signs for kids" */ = {
			isa = XCConfigurationList;
			buildConfigurations = (
				3B45A1D8289E6E3F00EE4E98 /* Debug */,
				3B45A1D9289E6E3F00EE4E98 /* Release */,
			);
			defaultConfigurationIsVisible = 0;
			defaultConfigurationName = Release;
		};
/* End XCConfigurationList section */
	};
	rootObject = 3B45A1C1289E6E3E00EE4E98 /* Project object */;
}
